
Microsoft Visual Studio Solution File, Format Version 12.00
# Visual Studio Version 17
VisualStudioVersion = 17.4.33205.214
MinimumVisualStudioVersion = 10.0.40219.1
Project("{888888A0-9F3D-457C-B088-3A5042F75D52}") = "NUMBRIDEGA MÄNGUD", "NUMBRIDEGA MÄNGUD\NUMBRIDEGA MÄNGUD.pyproj", "{AE4EE84A-4EE8-45B9-A1D7-9EE3210AAC62}"
EndProject
Global
	GlobalSection(SolutionConfigurationPlatforms) = preSolution
		Debug|Any CPU = Debug|Any CPU
		Release|Any CPU = Release|Any CPU
	EndGlobalSection
	GlobalSection(ProjectConfigurationPlatforms) = postSolution
		{AE4EE84A-4EE8-45B9-A1D7-9EE3210AAC62}.Debug|Any CPU.ActiveCfg = Debug|Any CPU
		{AE4EE84A-4EE8-45B9-A1D7-9EE3210AAC62}.Release|Any CPU.ActiveCfg = Release|Any CPU
	EndGlobalSection
	GlobalSection(SolutionProperties) = preSolution
		HideSolutionNode = FALSE
	EndGlobalSection
	GlobalSection(ExtensibilityGlobals) = postSolution
		SolutionGuid = {F05F9F34-90F4-4F23-8A51-EC28DF3F3E10}
	EndGlobalSection
EndGlobal
